// !$*UTF8*$!
{
	archiveVersion = 1;
	classes = {
	};
	objectVersion = 50;
	objects = {

/* Begin PBXBuildFile section */
		2741F98C22FE0E9D00766F75 /* AppDelegate.swift in Sources */ = {isa = PBXBuildFile; fileRef = 2741F98B22FE0E9D00766F75 /* AppDelegate.swift */; };
		2741F98E22FE0E9D00766F75 /* ViewController.swift in Sources */ = {isa = PBXBuildFile; fileRef = 2741F98D22FE0E9D00766F75 /* ViewController.swift */; };
		2741F99122FE0E9D00766F75 /* Main.storyboard in Resources */ = {isa = PBXBuildFile; fileRef = 2741F98F22FE0E9D00766F75 /* Main.storyboard */; };
		2741F99322FE0EA100766F75 /* Assets.xcassets in Resources */ = {isa = PBXBuildFile; fileRef = 2741F99222FE0EA100766F75 /* Assets.xcassets */; };
		2741F99622FE0EA100766F75 /* LaunchScreen.storyboard in Resources */ = {isa = PBXBuildFile; fileRef = 2741F99422FE0EA100766F75 /* LaunchScreen.storyboard */; };
		2741F9A02300556800766F75 /* UIView+AsImage.swift in Sources */ = {isa = PBXBuildFile; fileRef = 2741F99F2300556800766F75 /* UIView+AsImage.swift */; };
		2741F9A42300BA2000766F75 /* Delm-Medium.otf in Resources */ = {isa = PBXBuildFile; fileRef = 2741F9A32300BA2000766F75 /* Delm-Medium.otf */; };
		2741F9A62300BA2D00766F75 /* ThirstySoftRegular.otf in Resources */ = {isa = PBXBuildFile; fileRef = 2741F9A52300BA2D00766F75 /* ThirstySoftRegular.otf */; };
		2741F9AE2300C2EF00766F75 /* Projet4UITests.swift in Sources */ = {isa = PBXBuildFile; fileRef = 2741F9AD2300C2EF00766F75 /* Projet4UITests.swift */; };
		2741F9B62300C35000766F75 /* SnapshotHelper.swift in Sources */ = {isa = PBXBuildFile; fileRef = 2741F9B52300C35000766F75 /* SnapshotHelper.swift */; };
		76B6E7F0230BEB1200EA3587 /* UIView+CornerRaduis.swift in Sources */ = {isa = PBXBuildFile; fileRef = 76B6E7EF230BEB1200EA3587 /* UIView+CornerRaduis.swift */; };
/* End PBXBuildFile section */

/* Begin PBXContainerItemProxy section */
		2741F9B02300C2F000766F75 /* PBXContainerItemProxy */ = {
			isa = PBXContainerItemProxy;
			containerPortal = 2741F98022FE0E9C00766F75 /* Project object */;
			proxyType = 1;
			remoteGlobalIDString = 2741F98722FE0E9D00766F75;
			remoteInfo = Projet4;
		};
/* End PBXContainerItemProxy section */

/* Begin PBXFileReference section */
		2741F98822FE0E9D00766F75 /* Projet4.app */ = {isa = PBXFileReference; explicitFileType = wrapper.application; includeInIndex = 0; path = Projet4.app; sourceTree = BUILT_PRODUCTS_DIR; };
		2741F98B22FE0E9D00766F75 /* AppDelegate.swift */ = {isa = PBXFileReference; lastKnownFileType = sourcecode.swift; path = AppDelegate.swift; sourceTree = "<group>"; };
		2741F98D22FE0E9D00766F75 /* ViewController.swift */ = {isa = PBXFileReference; lastKnownFileType = sourcecode.swift; path = ViewController.swift; sourceTree = "<group>"; };
		2741F99022FE0E9D00766F75 /* Base */ = {isa = PBXFileReference; lastKnownFileType = file.storyboard; name = Base; path = Base.lproj/Main.storyboard; sourceTree = "<group>"; };
		2741F99222FE0EA100766F75 /* Assets.xcassets */ = {isa = PBXFileReference; lastKnownFileType = folder.assetcatalog; path = Assets.xcassets; sourceTree = "<group>"; };
		2741F99522FE0EA100766F75 /* Base */ = {isa = PBXFileReference; lastKnownFileType = file.storyboard; name = Base; path = Base.lproj/LaunchScreen.storyboard; sourceTree = "<group>"; };
		2741F99722FE0EA100766F75 /* Info.plist */ = {isa = PBXFileReference; lastKnownFileType = text.plist.xml; path = Info.plist; sourceTree = "<group>"; };
		2741F99F2300556800766F75 /* UIView+AsImage.swift */ = {isa = PBXFileReference; lastKnownFileType = sourcecode.swift; path = "UIView+AsImage.swift"; sourceTree = "<group>"; };
		2741F9A32300BA2000766F75 /* Delm-Medium.otf */ = {isa = PBXFileReference; lastKnownFileType = file; path = "Delm-Medium.otf"; sourceTree = "<group>"; };
		2741F9A52300BA2D00766F75 /* ThirstySoftRegular.otf */ = {isa = PBXFileReference; lastKnownFileType = file; path = ThirstySoftRegular.otf; sourceTree = "<group>"; };
		2741F9AB2300C2EF00766F75 /* Projet4UITests.xctest */ = {isa = PBXFileReference; explicitFileType = wrapper.cfbundle; includeInIndex = 0; path = Projet4UITests.xctest; sourceTree = BUILT_PRODUCTS_DIR; };
		2741F9AD2300C2EF00766F75 /* Projet4UITests.swift */ = {isa = PBXFileReference; lastKnownFileType = sourcecode.swift; path = Projet4UITests.swift; sourceTree = "<group>"; };
		2741F9AF2300C2EF00766F75 /* Info.plist */ = {isa = PBXFileReference; lastKnownFileType = text.plist.xml; path = Info.plist; sourceTree = "<group>"; };
		2741F9B52300C35000766F75 /* SnapshotHelper.swift */ = {isa = PBXFileReference; fileEncoding = 4; lastKnownFileType = sourcecode.swift; path = SnapshotHelper.swift; sourceTree = "<group>"; };
		76B6E7EF230BEB1200EA3587 /* UIView+CornerRaduis.swift */ = {isa = PBXFileReference; lastKnownFileType = sourcecode.swift; path = "UIView+CornerRaduis.swift"; sourceTree = "<group>"; };
/* End PBXFileReference section */

/* Begin PBXFrameworksBuildPhase section */
		2741F98522FE0E9D00766F75 /* Frameworks */ = {
			isa = PBXFrameworksBuildPhase;
			buildActionMask = 2147483647;
			files = (
			);
			runOnlyForDeploymentPostprocessing = 0;
		};
		2741F9A82300C2EF00766F75 /* Frameworks */ = {
			isa = PBXFrameworksBuildPhase;
			buildActionMask = 2147483647;
			files = (
			);
			runOnlyForDeploymentPostprocessing = 0;
		};
/* End PBXFrameworksBuildPhase section */

/* Begin PBXGroup section */
		2741F97F22FE0E9C00766F75 = {
			isa = PBXGroup;
			children = (
				2741F98A22FE0E9D00766F75 /* Projet4 */,
				2741F9AC2300C2EF00766F75 /* Projet4UITests */,
				2741F98922FE0E9D00766F75 /* Products */,
			);
			sourceTree = "<group>";
		};
		2741F98922FE0E9D00766F75 /* Products */ = {
			isa = PBXGroup;
			children = (
				2741F98822FE0E9D00766F75 /* Projet4.app */,
				2741F9AB2300C2EF00766F75 /* Projet4UITests.xctest */,
			);
			name = Products;
			sourceTree = "<group>";
		};
		2741F98A22FE0E9D00766F75 /* Projet4 */ = {
			isa = PBXGroup;
			children = (
				2741F98B22FE0E9D00766F75 /* AppDelegate.swift */,
				2741F98D22FE0E9D00766F75 /* ViewController.swift */,
				2741F98F22FE0E9D00766F75 /* Main.storyboard */,
				2741F99222FE0EA100766F75 /* Assets.xcassets */,
				2741F99422FE0EA100766F75 /* LaunchScreen.storyboard */,
				2741F99722FE0EA100766F75 /* Info.plist */,
				2741F99F2300556800766F75 /* UIView+AsImage.swift */,
				76B6E7EF230BEB1200EA3587 /* UIView+CornerRaduis.swift */,
				2741F9A32300BA2000766F75 /* Delm-Medium.otf */,
				2741F9A52300BA2D00766F75 /* ThirstySoftRegular.otf */,
			);
			path = Projet4;
			sourceTree = "<group>";
		};
		2741F9AC2300C2EF00766F75 /* Projet4UITests */ = {
			isa = PBXGroup;
			children = (
				2741F9AD2300C2EF00766F75 /* Projet4UITests.swift */,
				2741F9AF2300C2EF00766F75 /* Info.plist */,
				2741F9B52300C35000766F75 /* SnapshotHelper.swift */,
			);
			path = Projet4UITests;
			sourceTree = "<group>";
		};
/* End PBXGroup section */

/* Begin PBXNativeTarget section */
		2741F98722FE0E9D00766F75 /* Projet4 */ = {
			isa = PBXNativeTarget;
			buildConfigurationList = 2741F99A22FE0EA100766F75 /* Build configuration list for PBXNativeTarget "Projet4" */;
			buildPhases = (
				2741F98422FE0E9D00766F75 /* Sources */,
				2741F98522FE0E9D00766F75 /* Frameworks */,
				2741F98622FE0E9D00766F75 /* Resources */,
			);
			buildRules = (
			);
			dependencies = (
			);
			name = Projet4;
			productName = Projet4;
			productReference = 2741F98822FE0E9D00766F75 /* Projet4.app */;
			productType = "com.apple.product-type.application";
		};
		2741F9AA2300C2EF00766F75 /* Projet4UITests */ = {
			isa = PBXNativeTarget;
			buildConfigurationList = 2741F9B22300C2F000766F75 /* Build configuration list for PBXNativeTarget "Projet4UITests" */;
			buildPhases = (
				2741F9A72300C2EF00766F75 /* Sources */,
				2741F9A82300C2EF00766F75 /* Frameworks */,
				2741F9A92300C2EF00766F75 /* Resources */,
			);
			buildRules = (
			);
			dependencies = (
				2741F9B12300C2F000766F75 /* PBXTargetDependency */,
			);
			name = Projet4UITests;
			productName = Projet4UITests;
			productReference = 2741F9AB2300C2EF00766F75 /* Projet4UITests.xctest */;
			productType = "com.apple.product-type.bundle.ui-testing";
		};
/* End PBXNativeTarget section */

/* Begin PBXProject section */
		2741F98022FE0E9C00766F75 /* Project object */ = {
			isa = PBXProject;
			attributes = {
				LastSwiftUpdateCheck = 1020;
				LastUpgradeCheck = 1020;
				ORGANIZATIONNAME = "DELCROS Jean-baptiste";
				TargetAttributes = {
					2741F98722FE0E9D00766F75 = {
						CreatedOnToolsVersion = 10.2.1;
					};
					2741F9AA2300C2EF00766F75 = {
						CreatedOnToolsVersion = 10.2.1;
						TestTargetID = 2741F98722FE0E9D00766F75;
					};
				};
			};
			buildConfigurationList = 2741F98322FE0E9C00766F75 /* Build configuration list for PBXProject "Projet4" */;
			compatibilityVersion = "Xcode 9.3";
			developmentRegion = en;
			hasScannedForEncodings = 0;
			knownRegions = (
				en,
				Base,
			);
			mainGroup = 2741F97F22FE0E9C00766F75;
			productRefGroup = 2741F98922FE0E9D00766F75 /* Products */;
			projectDirPath = "";
			projectRoot = "";
			targets = (
				2741F98722FE0E9D00766F75 /* Projet4 */,
				2741F9AA2300C2EF00766F75 /* Projet4UITests */,
			);
		};
/* End PBXProject section */

/* Begin PBXResourcesBuildPhase section */
		2741F98622FE0E9D00766F75 /* Resources */ = {
			isa = PBXResourcesBuildPhase;
			buildActionMask = 2147483647;
			files = (
				2741F99622FE0EA100766F75 /* LaunchScreen.storyboard in Resources */,
				2741F99322FE0EA100766F75 /* Assets.xcassets in Resources */,
				2741F9A62300BA2D00766F75 /* ThirstySoftRegular.otf in Resources */,
				2741F9A42300BA2000766F75 /* Delm-Medium.otf in Resources */,
				2741F99122FE0E9D00766F75 /* Main.storyboard in Resources */,
			);
			runOnlyForDeploymentPostprocessing = 0;
		};
		2741F9A92300C2EF00766F75 /* Resources */ = {
			isa = PBXResourcesBuildPhase;
			buildActionMask = 2147483647;
			files = (
			);
			runOnlyForDeploymentPostprocessing = 0;
		};
/* End PBXResourcesBuildPhase section */

/* Begin PBXSourcesBuildPhase section */
		2741F98422FE0E9D00766F75 /* Sources */ = {
			isa = PBXSourcesBuildPhase;
			buildActionMask = 2147483647;
			files = (
				2741F98E22FE0E9D00766F75 /* ViewController.swift in Sources */,
				76B6E7F0230BEB1200EA3587 /* UIView+CornerRaduis.swift in Sources */,
				2741F9A02300556800766F75 /* UIView+AsImage.swift in Sources */,
				2741F98C22FE0E9D00766F75 /* AppDelegate.swift in Sources */,
			);
			runOnlyForDeploymentPostprocessing = 0;
		};
		2741F9A72300C2EF00766F75 /* Sources */ = {
			isa = PBXSourcesBuildPhase;
			buildActionMask = 2147483647;
			files = (
				2741F9AE2300C2EF00766F75 /* Projet4UITests.swift in Sources */,
				2741F9B62300C35000766F75 /* SnapshotHelper.swift in Sources */,
			);
			runOnlyForDeploymentPostprocessing = 0;
		};
/* End PBXSourcesBuildPhase section */

/* Begin PBXTargetDependency section */
		2741F9B12300C2F000766F75 /* PBXTargetDependency */ = {
			isa = PBXTargetDependency;
			target = 2741F98722FE0E9D00766F75 /* Projet4 */;
			targetProxy = 2741F9B02300C2F000766F75 /* PBXContainerItemProxy */;
		};
/* End PBXTargetDependency section */

/* Begin PBXVariantGroup section */
		2741F98F22FE0E9D00766F75 /* Main.storyboard */ = {
			isa = PBXVariantGroup;
			children = (
				2741F99022FE0E9D00766F75 /* Base */,
			);
			name = Main.storyboard;
			sourceTree = "<group>";
		};
		2741F99422FE0EA100766F75 /* LaunchScreen.storyboard */ = {
			isa = PBXVariantGroup;
			children = (
				2741F99522FE0EA100766F75 /* Base */,
			);
			name = LaunchScreen.storyboard;
			sourceTree = "<group>";
		};
/* End PBXVariantGroup section */

/* Begin XCBuildConfiguration section */
		2741F99822FE0EA100766F75 /* Debug */ = {
			isa = XCBuildConfiguration;
			buildSettings = {
				ALWAYS_SEARCH_USER_PATHS = NO;
				CLANG_ANALYZER_NONNULL = YES;
				CLANG_ANALYZER_NUMBER_OBJECT_CONVERSION = YES_AGGRESSIVE;
				CLANG_CXX_LANGUAGE_STANDARD = "gnu++14";
				CLANG_CXX_LIBRARY = "libc++";
				CLANG_ENABLE_MODULES = YES;
				CLANG_ENABLE_OBJC_ARC = YES;
				CLANG_ENABLE_OBJC_WEAK = YES;
				CLANG_WARN_BLOCK_CAPTURE_AUTORELEASING = YES;
				CLANG_WARN_BOOL_CONVERSION = YES;
				CLANG_WARN_COMMA = YES;
				CLANG_WARN_CONSTANT_CONVERSION = YES;
				CLANG_WARN_DEPRECATED_OBJC_IMPLEMENTATIONS = YES;
				CLANG_WARN_DIRECT_OBJC_ISA_USAGE = YES_ERROR;
				CLANG_WARN_DOCUMENTATION_COMMENTS = YES;
				CLANG_WARN_EMPTY_BODY = YES;
				CLANG_WARN_ENUM_CONVERSION = YES;
				CLANG_WARN_INFINITE_RECURSION = YES;
				CLANG_WARN_INT_CONVERSION = YES;
				CLANG_WARN_NON_LITERAL_NULL_CONVERSION = YES;
				CLANG_WARN_OBJC_IMPLICIT_RETAIN_SELF = YES;
				CLANG_WARN_OBJC_LITERAL_CONVERSION = YES;
				CLANG_WARN_OBJC_ROOT_CLASS = YES_ERROR;
				CLANG_WARN_RANGE_LOOP_ANALYSIS = YES;
				CLANG_WARN_STRICT_PROTOTYPES = YES;
				CLANG_WARN_SUSPICIOUS_MOVE = YES;
				CLANG_WARN_UNGUARDED_AVAILABILITY = YES_AGGRESSIVE;
				CLANG_WARN_UNREACHABLE_CODE = YES;
				CLANG_WARN__DUPLICATE_METHOD_MATCH = YES;
				CODE_SIGN_IDENTITY = "iPhone Developer";
				COPY_PHASE_STRIP = NO;
				DEBUG_INFORMATION_FORMAT = dwarf;
				ENABLE_STRICT_OBJC_MSGSEND = YES;
				ENABLE_TESTABILITY = YES;
				GCC_C_LANGUAGE_STANDARD = gnu11;
				GCC_DYNAMIC_NO_PIC = NO;
				GCC_NO_COMMON_BLOCKS = YES;
				GCC_OPTIMIZATION_LEVEL = 0;
				GCC_PREPROCESSOR_DEFINITIONS = (
					"DEBUG=1",
					"$(inherited)",
				);
				GCC_WARN_64_TO_32_BIT_CONVERSION = YES;
				GCC_WARN_ABOUT_RETURN_TYPE = YES_ERROR;
				GCC_WARN_UNDECLARED_SELECTOR = YES;
				GCC_WARN_UNINITIALIZED_AUTOS = YES_AGGRESSIVE;
				GCC_WARN_UNUSED_FUNCTION = YES;
				GCC_WARN_UNUSED_VARIABLE = YES;
				IPHONEOS_DEPLOYMENT_TARGET = 12.2;
				MTL_ENABLE_DEBUG_INFO = INCLUDE_SOURCE;
				MTL_FAST_MATH = YES;
				ONLY_ACTIVE_ARCH = YES;
				SDKROOT = iphoneos;
				SWIFT_ACTIVE_COMPILATION_CONDITIONS = DEBUG;
				SWIFT_OPTIMIZATION_LEVEL = "-Onone";
			};
			name = Debug;
		};
		2741F99922FE0EA100766F75 /* Release */ = {
			isa = XCBuildConfiguration;
			buildSettings = {
				ALWAYS_SEARCH_USER_PATHS = NO;
				CLANG_ANALYZER_NONNULL = YES;
				CLANG_ANALYZER_NUMBER_OBJECT_CONVERSION = YES_AGGRESSIVE;
				CLANG_CXX_LANGUAGE_STANDARD = "gnu++14";
				CLANG_CXX_LIBRARY = "libc++";
				CLANG_ENABLE_MODULES = YES;
				CLANG_ENABLE_OBJC_ARC = YES;
				CLANG_ENABLE_OBJC_WEAK = YES;
				CLANG_WARN_BLOCK_CAPTURE_AUTORELEASING = YES;
				CLANG_WARN_BOOL_CONVERSION = YES;
				CLANG_WARN_COMMA = YES;
				CLANG_WARN_CONSTANT_CONVERSION = YES;
				CLANG_WARN_DEPRECATED_OBJC_IMPLEMENTATIONS = YES;
				CLANG_WARN_DIRECT_OBJC_ISA_USAGE = YES_ERROR;
				CLANG_WARN_DOCUMENTATION_COMMENTS = YES;
				CLANG_WARN_EMPTY_BODY = YES;
				CLANG_WARN_ENUM_CONVERSION = YES;
				CLANG_WARN_INFINITE_RECURSION = YES;
				CLANG_WARN_INT_CONVERSION = YES;
				CLANG_WARN_NON_LITERAL_NULL_CONVERSION = YES;
				CLANG_WARN_OBJC_IMPLICIT_RETAIN_SELF = YES;
				CLANG_WARN_OBJC_LITERAL_CONVERSION = YES;
				CLANG_WARN_OBJC_ROOT_CLASS = YES_ERROR;
				CLANG_WARN_RANGE_LOOP_ANALYSIS = YES;
				CLANG_WARN_STRICT_PROTOTYPES = YES;
				CLANG_WARN_SUSPICIOUS_MOVE = YES;
				CLANG_WARN_UNGUARDED_AVAILABILITY = YES_AGGRESSIVE;
				CLANG_WARN_UNREACHABLE_CODE = YES;
				CLANG_WARN__DUPLICATE_METHOD_MATCH = YES;
				CODE_SIGN_IDENTITY = "iPhone Developer";
				COPY_PHASE_STRIP = NO;
				DEBUG_INFORMATION_FORMAT = "dwarf-with-dsym";
				ENABLE_NS_ASSERTIONS = NO;
				ENABLE_STRICT_OBJC_MSGSEND = YES;
				GCC_C_LANGUAGE_STANDARD = gnu11;
				GCC_NO_COMMON_BLOCKS = YES;
				GCC_WARN_64_TO_32_BIT_CONVERSION = YES;
				GCC_WARN_ABOUT_RETURN_TYPE = YES_ERROR;
				GCC_WARN_UNDECLARED_SELECTOR = YES;
				GCC_WARN_UNINITIALIZED_AUTOS = YES_AGGRESSIVE;
				GCC_WARN_UNUSED_FUNCTION = YES;
				GCC_WARN_UNUSED_VARIABLE = YES;
				IPHONEOS_DEPLOYMENT_TARGET = 12.2;
				MTL_ENABLE_DEBUG_INFO = NO;
				MTL_FAST_MATH = YES;
				SDKROOT = iphoneos;
				SWIFT_COMPILATION_MODE = wholemodule;
				SWIFT_OPTIMIZATION_LEVEL = "-O";
				VALIDATE_PRODUCT = YES;
			};
			name = Release;
		};
		2741F99B22FE0EA100766F75 /* Debug */ = {
			isa = XCBuildConfiguration;
			buildSettings = {
				ASSETCATALOG_COMPILER_APPICON_NAME = AppIcon;
				CODE_SIGN_STYLE = Automatic;
				DEVELOPMENT_TEAM = "";
				INFOPLIST_FILE = Projet4/Info.plist;
				LD_RUNPATH_SEARCH_PATHS = (
					"$(inherited)",
					"@executable_path/Frameworks",
				);
				PRODUCT_BUNDLE_IDENTIFIER = delcros.com.Projet4;
				PRODUCT_NAME = "$(TARGET_NAME)";
				SWIFT_VERSION = 5.0;
				TARGETED_DEVICE_FAMILY = 1;
			};
			name = Debug;
		};
		2741F99C22FE0EA100766F75 /* Release */ = {
			isa = XCBuildConfiguration;
			buildSettings = {
				ASSETCATALOG_COMPILER_APPICON_NAME = AppIcon;
				CODE_SIGN_STYLE = Automatic;
				DEVELOPMENT_TEAM = "";
				INFOPLIST_FILE = Projet4/Info.plist;
				LD_RUNPATH_SEARCH_PATHS = (
					"$(inherited)",
					"@executable_path/Frameworks",
				);
				PRODUCT_BUNDLE_IDENTIFIER = delcros.com.Projet4;
				PRODUCT_NAME = "$(TARGET_NAME)";
				SWIFT_VERSION = 5.0;
				TARGETED_DEVICE_FAMILY = 1;
			};
			name = Release;
		};
		2741F9B32300C2F000766F75 /* Debug */ = {
			isa = XCBuildConfiguration;
			buildSettings = {
				CODE_SIGN_STYLE = Automatic;
				INFOPLIST_FILE = Projet4UITests/Info.plist;
				LD_RUNPATH_SEARCH_PATHS = (
					"$(inherited)",
					"@executable_path/Frameworks",
					"@loader_path/Frameworks",
				);
				PRODUCT_BUNDLE_IDENTIFIER = com.Projet4UITests;
				PRODUCT_NAME = "$(TARGET_NAME)";
				SWIFT_VERSION = 5.0;
				TARGETED_DEVICE_FAMILY = "1,2";
				TEST_TARGET_NAME = Projet4;
			};
			name = Debug;
		};
		2741F9B42300C2F000766F75 /* Release */ = {
			isa = XCBuildConfiguration;
			buildSettings = {
				CODE_SIGN_STYLE = Automatic;
				INFOPLIST_FILE = Projet4UITests/Info.plist;
				LD_RUNPATH_SEARCH_PATHS = (
					"$(inherited)",
					"@executable_path/Frameworks",
					"@loader_path/Frameworks",
				);
				PRODUCT_BUNDLE_IDENTIFIER = com.Projet4UITests;
				PRODUCT_NAME = "$(TARGET_NAME)";
				SWIFT_VERSION = 5.0;
				TARGETED_DEVICE_FAMILY = "1,2";
				TEST_TARGET_NAME = Projet4;
			};
			name = Release;
		};
/* End XCBuildConfiguration section */

/* Begin XCConfigurationList section */
		2741F98322FE0E9C00766F75 /* Build configuration list for PBXProject "Projet4" */ = {
			isa = XCConfigurationList;
			buildConfigurations = (
				2741F99822FE0EA100766F75 /* Debug */,
				2741F99922FE0EA100766F75 /* Release */,
			);
			defaultConfigurationIsVisible = 0;
			defaultConfigurationName = Release;
		};
		2741F99A22FE0EA100766F75 /* Build configuration list for PBXNativeTarget "Projet4" */ = {
			isa = XCConfigurationList;
			buildConfigurations = (
				2741F99B22FE0EA100766F75 /* Debug */,
				2741F99C22FE0EA100766F75 /* Release */,
			);
			defaultConfigurationIsVisible = 0;
			defaultConfigurationName = Release;
		};
		2741F9B22300C2F000766F75 /* Build configuration list for PBXNativeTarget "Projet4UITests" */ = {
			isa = XCConfigurationList;
			buildConfigurations = (
				2741F9B32300C2F000766F75 /* Debug */,
				2741F9B42300C2F000766F75 /* Release */,
			);
			defaultConfigurationIsVisible = 0;
			defaultConfigurationName = Release;
		};
/* End XCConfigurationList section */
	};
	rootObject = 2741F98022FE0E9C00766F75 /* Project object */;
}
